// !$*UTF8*$!
{
	archiveVersion = 1;
	classes = {
	};
	objectVersion = 77;
	objects = {

/* Begin PBXContainerItemProxy section */
		5502EEC62CD0DEF800C5C09F /* PBXContainerItemProxy */ = {
			isa = PBXContainerItemProxy;
			containerPortal = 5502EEAB2CD0DEF600C5C09F /* Project object */;
			proxyType = 1;
			remoteGlobalIDString = 5502EEB22CD0DEF600C5C09F;
			remoteInfo = smiley;
		};
		5502EED02CD0DEF800C5C09F /* PBXContainerItemProxy */ = {
			isa = PBXContainerItemProxy;
			containerPortal = 5502EEAB2CD0DEF600C5C09F /* Project object */;
			proxyType = 1;
			remoteGlobalIDString = 5502EEB22CD0DEF600C5C09F;
			remoteInfo = smiley;
		};
/* End PBXContainerItemProxy section */

/* Begin PBXFileReference section */
		5502EEB32CD0DEF600C5C09F /* smiley.app */ = {isa = PBXFileReference; explicitFileType = wrapper.application; includeInIndex = 0; path = smiley.app; sourceTree = BUILT_PRODUCTS_DIR; };
		5502EEC52CD0DEF800C5C09F /* smileyTests.xctest */ = {isa = PBXFileReference; explicitFileType = wrapper.cfbundle; includeInIndex = 0; path = smileyTests.xctest; sourceTree = BUILT_PRODUCTS_DIR; };
		5502EECF2CD0DEF800C5C09F /* smileyUITests.xctest */ = {isa = PBXFileReference; explicitFileType = wrapper.cfbundle; includeInIndex = 0; path = smileyUITests.xctest; sourceTree = BUILT_PRODUCTS_DIR; };
/* End PBXFileReference section */

/* Begin PBXFileSystemSynchronizedRootGroup section */
		5502EEB52CD0DEF600C5C09F /* smiley */ = {
			isa = PBXFileSystemSynchronizedRootGroup;
			path = smiley;
			sourceTree = "<group>";
		};
		5502EEC82CD0DEF800C5C09F /* smileyTests */ = {
			isa = PBXFileSystemSynchronizedRootGroup;
			path = smileyTests;
			sourceTree = "<group>";
		};
		5502EED22CD0DEF800C5C09F /* smileyUITests */ = {
			isa = PBXFileSystemSynchronizedRootGroup;
			path = smileyUITests;
			sourceTree = "<group>";
		};
/* End PBXFileSystemSynchronizedRootGroup section */

/* Begin PBXFrameworksBuildPhase section */
		5502EEB02CD0DEF600C5C09F /* Frameworks */ = {
			isa = PBXFrameworksBuildPhase;
			buildActionMask = 2147483647;
			files = (
			);
			runOnlyForDeploymentPostprocessing = 0;
		};
		5502EEC22CD0DEF800C5C09F /* Frameworks */ = {
			isa = PBXFrameworksBuildPhase;
			buildActionMask = 2147483647;
			files = (
			);
			runOnlyForDeploymentPostprocessing = 0;
		};
		5502EECC2CD0DEF800C5C09F /* Frameworks */ = {
			isa = PBXFrameworksBuildPhase;
			buildActionMask = 2147483647;
			files = (
			);
			runOnlyForDeploymentPostprocessing = 0;
		};
/* End PBXFrameworksBuildPhase section */

/* Begin PBXGroup section */
		5502EEAA2CD0DEF500C5C09F = {
			isa = PBXGroup;
			children = (
				5502EEB52CD0DEF600C5C09F /* smiley */,
				5502EEC82CD0DEF800C5C09F /* smileyTests */,
				5502EED22CD0DEF800C5C09F /* smileyUITests */,
				5502EEB42CD0DEF600C5C09F /* Products */,
			);
			sourceTree = "<group>";
		};
		5502EEB42CD0DEF600C5C09F /* Products */ = {
			isa = PBXGroup;
			children = (
				5502EEB32CD0DEF600C5C09F /* smiley.app */,
				5502EEC52CD0DEF800C5C09F /* smileyTests.xctest */,
				5502EECF2CD0DEF800C5C09F /* smileyUITests.xctest */,
			);
			name = Products;
			sourceTree = "<group>";
		};
/* End PBXGroup section */

/* Begin PBXNativeTarget section */
		5502EEB22CD0DEF600C5C09F /* smiley */ = {
			isa = PBXNativeTarget;
			buildConfigurationList = 5502EED92CD0DEF800C5C09F /* Build configuration list for PBXNativeTarget "smiley" */;
			buildPhases = (
				5502EEAF2CD0DEF600C5C09F /* Sources */,
				5502EEB02CD0DEF600C5C09F /* Frameworks */,
				5502EEB12CD0DEF600C5C09F /* Resources */,
			);
			buildRules = (
			);
			dependencies = (
			);
			fileSystemSynchronizedGroups = (
				5502EEB52CD0DEF600C5C09F /* smiley */,
			);
			name = smiley;
			packageProductDependencies = (
			);
			productName = smiley;
			productReference = 5502EEB32CD0DEF600C5C09F /* smiley.app */;
			productType = "com.apple.product-type.application";
		};
		5502EEC42CD0DEF800C5C09F /* smileyTests */ = {
			isa = PBXNativeTarget;
			buildConfigurationList = 5502EEDC2CD0DEF800C5C09F /* Build configuration list for PBXNativeTarget "smileyTests" */;
			buildPhases = (
				5502EEC12CD0DEF800C5C09F /* Sources */,
				5502EEC22CD0DEF800C5C09F /* Frameworks */,
				5502EEC32CD0DEF800C5C09F /* Resources */,
			);
			buildRules = (
			);
			dependencies = (
				5502EEC72CD0DEF800C5C09F /* PBXTargetDependency */,
			);
			fileSystemSynchronizedGroups = (
				5502EEC82CD0DEF800C5C09F /* smileyTests */,
			);
			name = smileyTests;
			packageProductDependencies = (
			);
			productName = smileyTests;
			productReference = 5502EEC52CD0DEF800C5C09F /* smileyTests.xctest */;
			productType = "com.apple.product-type.bundle.unit-test";
		};
		5502EECE2CD0DEF800C5C09F /* smileyUITests */ = {
			isa = PBXNativeTarget;
			buildConfigurationList = 5502EEDF2CD0DEF800C5C09F /* Build configuration list for PBXNativeTarget "smileyUITests" */;
			buildPhases = (
				5502EECB2CD0DEF800C5C09F /* Sources */,
				5502EECC2CD0DEF800C5C09F /* Frameworks */,
				5502EECD2CD0DEF800C5C09F /* Resources */,
			);
			buildRules = (
			);
			dependencies = (
				5502EED12CD0DEF800C5C09F /* PBXTargetDependency */,
			);
			fileSystemSynchronizedGroups = (
				5502EED22CD0DEF800C5C09F /* smileyUITests */,
			);
			name = smileyUITests;
			packageProductDependencies = (
			);
			productName = smileyUITests;
			productReference = 5502EECF2CD0DEF800C5C09F /* smileyUITests.xctest */;
			productType = "com.apple.product-type.bundle.ui-testing";
		};
/* End PBXNativeTarget section */

/* Begin PBXProject section */
		5502EEAB2CD0DEF600C5C09F /* Project object */ = {
			isa = PBXProject;
			attributes = {
				BuildIndependentTargetsInParallel = 1;
				LastSwiftUpdateCheck = 1600;
				LastUpgradeCheck = 1600;
				TargetAttributes = {
					5502EEB22CD0DEF600C5C09F = {
						CreatedOnToolsVersion = 16.0;
					};
					5502EEC42CD0DEF800C5C09F = {
						CreatedOnToolsVersion = 16.0;
						TestTargetID = 5502EEB22CD0DEF600C5C09F;
					};
					5502EECE2CD0DEF800C5C09F = {
						CreatedOnToolsVersion = 16.0;
						TestTargetID = 5502EEB22CD0DEF600C5C09F;
					};
				};
			};
			buildConfigurationList = 5502EEAE2CD0DEF600C5C09F /* Build configuration list for PBXProject "smiley" */;
			developmentRegion = en;
			hasScannedForEncodings = 0;
			knownRegions = (
				en,
				Base,
			);
			mainGroup = 5502EEAA2CD0DEF500C5C09F;
			minimizedProjectReferenceProxies = 1;
			preferredProjectObjectVersion = 77;
			productRefGroup = 5502EEB42CD0DEF600C5C09F /* Products */;
			projectDirPath = "";
			projectRoot = "";
			targets = (
				5502EEB22CD0DEF600C5C09F /* smiley */,
				5502EEC42CD0DEF800C5C09F /* smileyTests */,
				5502EECE2CD0DEF800C5C09F /* smileyUITests */,
			);
		};
/* End PBXProject section */

/* Begin PBXResourcesBuildPhase section */
		5502EEB12CD0DEF600C5C09F /* Resources */ = {
			isa = PBXResourcesBuildPhase;
			buildActionMask = 2147483647;
			files = (
			);
			runOnlyForDeploymentPostprocessing = 0;
		};
		5502EEC32CD0DEF800C5C09F /* Resources */ = {
			isa = PBXResourcesBuildPhase;
			buildActionMask = 2147483647;
			files = (
			);
			runOnlyForDeploymentPostprocessing = 0;
		};
		5502EECD2CD0DEF800C5C09F /* Resources */ = {
			isa = PBXResourcesBuildPhase;
			buildActionMask = 2147483647;
			files = (
			);
			runOnlyForDeploymentPostprocessing = 0;
		};
/* End PBXResourcesBuildPhase section */

/* Begin PBXSourcesBuildPhase section */
		5502EEAF2CD0DEF600C5C09F /* Sources */ = {
			isa = PBXSourcesBuildPhase;
			buildActionMask = 2147483647;
			files = (
			);
			runOnlyForDeploymentPostprocessing = 0;
		};
		5502EEC12CD0DEF800C5C09F /* Sources */ = {
			isa = PBXSourcesBuildPhase;
			buildActionMask = 2147483647;
			files = (
			);
			runOnlyForDeploymentPostprocessing = 0;
		};
		5502EECB2CD0DEF800C5C09F /* Sources */ = {
			isa = PBXSourcesBuildPhase;
			buildActionMask = 2147483647;
			files = (
			);
			runOnlyForDeploymentPostprocessing = 0;
		};
/* End PBXSourcesBuildPhase section */

/* Begin PBXTargetDependency section */
		5502EEC72CD0DEF800C5C09F /* PBXTargetDependency */ = {
			isa = PBXTargetDependency;
			target = 5502EEB22CD0DEF600C5C09F /* smiley */;
			targetProxy = 5502EEC62CD0DEF800C5C09F /* PBXContainerItemProxy */;
		};
		5502EED12CD0DEF800C5C09F /* PBXTargetDependency */ = {
			isa = PBXTargetDependency;
			target = 5502EEB22CD0DEF600C5C09F /* smiley */;
			targetProxy = 5502EED02CD0DEF800C5C09F /* PBXContainerItemProxy */;
		};
/* End PBXTargetDependency section */

/* Begin XCBuildConfiguration section */
		5502EED72CD0DEF800C5C09F /* Debug */ = {
			isa = XCBuildConfiguration;
			buildSettings = {
				ALWAYS_SEARCH_USER_PATHS = NO;
				ASSETCATALOG_COMPILER_GENERATE_SWIFT_ASSET_SYMBOL_EXTENSIONS = YES;
				CLANG_ANALYZER_NONNULL = YES;
				CLANG_ANALYZER_NUMBER_OBJECT_CONVERSION = YES_AGGRESSIVE;
				CLANG_CXX_LANGUAGE_STANDARD = "gnu++20";
				CLANG_ENABLE_MODULES = YES;
				CLANG_ENABLE_OBJC_ARC = YES;
				CLANG_ENABLE_OBJC_WEAK = YES;
				CLANG_WARN_BLOCK_CAPTURE_AUTORELEASING = YES;
				CLANG_WARN_BOOL_CONVERSION = YES;
				CLANG_WARN_COMMA = YES;
				CLANG_WARN_CONSTANT_CONVERSION = YES;
				CLANG_WARN_DEPRECATED_OBJC_IMPLEMENTATIONS = YES;
				CLANG_WARN_DIRECT_OBJC_ISA_USAGE = YES_ERROR;
				CLANG_WARN_DOCUMENTATION_COMMENTS = YES;
				CLANG_WARN_EMPTY_BODY = YES;
				CLANG_WARN_ENUM_CONVERSION = YES;
				CLANG_WARN_INFINITE_RECURSION = YES;
				CLANG_WARN_INT_CONVERSION = YES;
				CLANG_WARN_NON_LITERAL_NULL_CONVERSION = YES;
				CLANG_WARN_OBJC_IMPLICIT_RETAIN_SELF = YES;
				CLANG_WARN_OBJC_LITERAL_CONVERSION = YES;
				CLANG_WARN_OBJC_ROOT_CLASS = YES_ERROR;
				CLANG_WARN_QUOTED_INCLUDE_IN_FRAMEWORK_HEADER = YES;
				CLANG_WARN_RANGE_LOOP_ANALYSIS = YES;
				CLANG_WARN_STRICT_PROTOTYPES = YES;
				CLANG_WARN_SUSPICIOUS_MOVE = YES;
				CLANG_WARN_UNGUARDED_AVAILABILITY = YES_AGGRESSIVE;
				CLANG_WARN_UNREACHABLE_CODE = YES;
				CLANG_WARN__DUPLICATE_METHOD_MATCH = YES;
				COPY_PHASE_STRIP = NO;
				DEBUG_INFORMATION_FORMAT = dwarf;
				ENABLE_STRICT_OBJC_MSGSEND = YES;
				ENABLE_TESTABILITY = YES;
				ENABLE_USER_SCRIPT_SANDBOXING = YES;
				GCC_C_LANGUAGE_STANDARD = gnu17;
				GCC_DYNAMIC_NO_PIC = NO;
				GCC_NO_COMMON_BLOCKS = YES;
				GCC_OPTIMIZATION_LEVEL = 0;
				GCC_PREPROCESSOR_DEFINITIONS = (
					"DEBUG=1",
					"$(inherited)",
				);
				GCC_WARN_64_TO_32_BIT_CONVERSION = YES;
				GCC_WARN_ABOUT_RETURN_TYPE = YES_ERROR;
				GCC_WARN_UNDECLARED_SELECTOR = YES;
				GCC_WARN_UNINITIALIZED_AUTOS = YES_AGGRESSIVE;
				GCC_WARN_UNUSED_FUNCTION = YES;
				GCC_WARN_UNUSED_VARIABLE = YES;
				IPHONEOS_DEPLOYMENT_TARGET = 18.0;
				LOCALIZATION_PREFERS_STRING_CATALOGS = YES;
				MTL_ENABLE_DEBUG_INFO = INCLUDE_SOURCE;
				MTL_FAST_MATH = YES;
				ONLY_ACTIVE_ARCH = YES;
				SDKROOT = iphoneos;
				SWIFT_ACTIVE_COMPILATION_CONDITIONS = "DEBUG $(inherited)";
				SWIFT_OPTIMIZATION_LEVEL = "-Onone";
			};
			name = Debug;
		};
		5502EED82CD0DEF800C5C09F /* Release */ = {
			isa = XCBuildConfiguration;
			buildSettings = {
				ALWAYS_SEARCH_USER_PATHS = NO;
				ASSETCATALOG_COMPILER_GENERATE_SWIFT_ASSET_SYMBOL_EXTENSIONS = YES;
				CLANG_ANALYZER_NONNULL = YES;
				CLANG_ANALYZER_NUMBER_OBJECT_CONVERSION = YES_AGGRESSIVE;
				CLANG_CXX_LANGUAGE_STANDARD = "gnu++20";
				CLANG_ENABLE_MODULES = YES;
				CLANG_ENABLE_OBJC_ARC = YES;
				CLANG_ENABLE_OBJC_WEAK = YES;
				CLANG_WARN_BLOCK_CAPTURE_AUTORELEASING = YES;
				CLANG_WARN_BOOL_CONVERSION = YES;
				CLANG_WARN_COMMA = YES;
				CLANG_WARN_CONSTANT_CONVERSION = YES;
				CLANG_WARN_DEPRECATED_OBJC_IMPLEMENTATIONS = YES;
				CLANG_WARN_DIRECT_OBJC_ISA_USAGE = YES_ERROR;
				CLANG_WARN_DOCUMENTATION_COMMENTS = YES;
				CLANG_WARN_EMPTY_BODY = YES;
				CLANG_WARN_ENUM_CONVERSION = YES;
				CLANG_WARN_INFINITE_RECURSION = YES;
				CLANG_WARN_INT_CONVERSION = YES;
				CLANG_WARN_NON_LITERAL_NULL_CONVERSION = YES;
				CLANG_WARN_OBJC_IMPLICIT_RETAIN_SELF = YES;
				CLANG_WARN_OBJC_LITERAL_CONVERSION = YES;
				CLANG_WARN_OBJC_ROOT_CLASS = YES_ERROR;
				CLANG_WARN_QUOTED_INCLUDE_IN_FRAMEWORK_HEADER = YES;
				CLANG_WARN_RANGE_LOOP_ANALYSIS = YES;
				CLANG_WARN_STRICT_PROTOTYPES = YES;
				CLANG_WARN_SUSPICIOUS_MOVE = YES;
				CLANG_WARN_UNGUARDED_AVAILABILITY = YES_AGGRESSIVE;
				CLANG_WARN_UNREACHABLE_CODE = YES;
				CLANG_WARN__DUPLICATE_METHOD_MATCH = YES;
				COPY_PHASE_STRIP = NO;
				DEBUG_INFORMATION_FORMAT = "dwarf-with-dsym";
				ENABLE_NS_ASSERTIONS = NO;
				ENABLE_STRICT_OBJC_MSGSEND = YES;
				ENABLE_USER_SCRIPT_SANDBOXING = YES;
				GCC_C_LANGUAGE_STANDARD = gnu17;
				GCC_NO_COMMON_BLOCKS = YES;
				GCC_WARN_64_TO_32_BIT_CONVERSION = YES;
				GCC_WARN_ABOUT_RETURN_TYPE = YES_ERROR;
				GCC_WARN_UNDECLARED_SELECTOR = YES;
				GCC_WARN_UNINITIALIZED_AUTOS = YES_AGGRESSIVE;
				GCC_WARN_UNUSED_FUNCTION = YES;
				GCC_WARN_UNUSED_VARIABLE = YES;
				IPHONEOS_DEPLOYMENT_TARGET = 18.0;
				LOCALIZATION_PREFERS_STRING_CATALOGS = YES;
				MTL_ENABLE_DEBUG_INFO = NO;
				MTL_FAST_MATH = YES;
				SDKROOT = iphoneos;
				SWIFT_COMPILATION_MODE = wholemodule;
				VALIDATE_PRODUCT = YES;
			};
			name = Release;
		};
		5502EEDA2CD0DEF800C5C09F /* Debug */ = {
			isa = XCBuildConfiguration;
			buildSettings = {
				ASSETCATALOG_COMPILER_APPICON_NAME = AppIcon;
				ASSETCATALOG_COMPILER_GLOBAL_ACCENT_COLOR_NAME = AccentColor;
				CODE_SIGN_STYLE = Automatic;
				CURRENT_PROJECT_VERSION = 1;
				DEVELOPMENT_ASSET_PATHS = "\"smiley/Preview Content\"";
				DEVELOPMENT_TEAM = Q4GZ52K957;
				ENABLE_PREVIEWS = YES;
				GENERATE_INFOPLIST_FILE = YES;
				INFOPLIST_KEY_UIApplicationSceneManifest_Generation = YES;
				INFOPLIST_KEY_UIApplicationSupportsIndirectInputEvents = YES;
				INFOPLIST_KEY_UILaunchScreen_Generation = YES;
				INFOPLIST_KEY_UISupportedInterfaceOrientations_iPad = "UIInterfaceOrientationPortrait UIInterfaceOrientationPortraitUpsideDown UIInterfaceOrientationLandscapeLeft UIInterfaceOrientationLandscapeRight";
				INFOPLIST_KEY_UISupportedInterfaceOrientations_iPhone = "UIInterfaceOrientationPortrait UIInterfaceOrientationLandscapeLeft UIInterfaceOrientationLandscapeRight";
				LD_RUNPATH_SEARCH_PATHS = (
					"$(inherited)",
					"@executable_path/Frameworks",
				);
				MARKETING_VERSION = 1.0;
				PRODUCT_BUNDLE_IDENTIFIER = com.waterkimchi.smiley;
				PRODUCT_NAME = "$(TARGET_NAME)";
				SWIFT_EMIT_LOC_STRINGS = YES;
				SWIFT_VERSION = 5.0;
				TARGETED_DEVICE_FAMILY = "1,2";
			};
			name = Debug;
		};
		5502EEDB2CD0DEF800C5C09F /* Release */ = {
			isa = XCBuildConfiguration;
			buildSettings = {
				ASSETCATALOG_COMPILER_APPICON_NAME = AppIcon;
				ASSETCATALOG_COMPILER_GLOBAL_ACCENT_COLOR_NAME = AccentColor;
				CODE_SIGN_STYLE = Automatic;
				CURRENT_PROJECT_VERSION = 1;
				DEVELOPMENT_ASSET_PATHS = "\"smiley/Preview Content\"";
				DEVELOPMENT_TEAM = Q4GZ52K957;
				ENABLE_PREVIEWS = YES;
				GENERATE_INFOPLIST_FILE = YES;
				INFOPLIST_KEY_UIApplicationSceneManifest_Generation = YES;
				INFOPLIST_KEY_UIApplicationSupportsIndirectInputEvents = YES;
				INFOPLIST_KEY_UILaunchScreen_Generation = YES;
				INFOPLIST_KEY_UISupportedInterfaceOrientations_iPad = "UIInterfaceOrientationPortrait UIInterfaceOrientationPortraitUpsideDown UIInterfaceOrientationLandscapeLeft UIInterfaceOrientationLandscapeRight";
				INFOPLIST_KEY_UISupportedInterfaceOrientations_iPhone = "UIInterfaceOrientationPortrait UIInterfaceOrientationLandscapeLeft UIInterfaceOrientationLandscapeRight";
				LD_RUNPATH_SEARCH_PATHS = (
					"$(inherited)",
					"@executable_path/Frameworks",
				);
				MARKETING_VERSION = 1.0;
				PRODUCT_BUNDLE_IDENTIFIER = com.waterkimchi.smiley;
				PRODUCT_NAME = "$(TARGET_NAME)";
				SWIFT_EMIT_LOC_STRINGS = YES;
				SWIFT_VERSION = 5.0;
				TARGETED_DEVICE_FAMILY = "1,2";
			};
			name = Release;
		};
		5502EEDD2CD0DEF800C5C09F /* Debug */ = {
			isa = XCBuildConfiguration;
			buildSettings = {
				BUNDLE_LOADER = "$(TEST_HOST)";
				CODE_SIGN_STYLE = Automatic;
				CURRENT_PROJECT_VERSION = 1;
				DEVELOPMENT_TEAM = Q4GZ52K957;
				GENERATE_INFOPLIST_FILE = YES;
				IPHONEOS_DEPLOYMENT_TARGET = 18.0;
				MARKETING_VERSION = 1.0;
				PRODUCT_BUNDLE_IDENTIFIER = com.waterkimchi.smileyTests;
				PRODUCT_NAME = "$(TARGET_NAME)";
				SWIFT_EMIT_LOC_STRINGS = NO;
				SWIFT_VERSION = 5.0;
				TARGETED_DEVICE_FAMILY = "1,2";
				TEST_HOST = "$(BUILT_PRODUCTS_DIR)/smiley.app/$(BUNDLE_EXECUTABLE_FOLDER_PATH)/smiley";
			};
			name = Debug;
		};
		5502EEDE2CD0DEF800C5C09F /* Release */ = {
			isa = XCBuildConfiguration;
			buildSettings = {
				BUNDLE_LOADER = "$(TEST_HOST)";
				CODE_SIGN_STYLE = Automatic;
				CURRENT_PROJECT_VERSION = 1;
				DEVELOPMENT_TEAM = Q4GZ52K957;
				GENERATE_INFOPLIST_FILE = YES;
				IPHONEOS_DEPLOYMENT_TARGET = 18.0;
				MARKETING_VERSION = 1.0;
				PRODUCT_BUNDLE_IDENTIFIER = com.waterkimchi.smileyTests;
				PRODUCT_NAME = "$(TARGET_NAME)";
				SWIFT_EMIT_LOC_STRINGS = NO;
				SWIFT_VERSION = 5.0;
				TARGETED_DEVICE_FAMILY = "1,2";
				TEST_HOST = "$(BUILT_PRODUCTS_DIR)/smiley.app/$(BUNDLE_EXECUTABLE_FOLDER_PATH)/smiley";
			};
			name = Release;
		};
		5502EEE02CD0DEF800C5C09F /* Debug */ = {
			isa = XCBuildConfiguration;
			buildSettings = {
				CODE_SIGN_STYLE = Automatic;
				CURRENT_PROJECT_VERSION = 1;
				DEVELOPMENT_TEAM = Q4GZ52K957;
				GENERATE_INFOPLIST_FILE = YES;
				MARKETING_VERSION = 1.0;
				PRODUCT_BUNDLE_IDENTIFIER = com.waterkimchi.smileyUITests;
				PRODUCT_NAME = "$(TARGET_NAME)";
				SWIFT_EMIT_LOC_STRINGS = NO;
				SWIFT_VERSION = 5.0;
				TARGETED_DEVICE_FAMILY = "1,2";
				TEST_TARGET_NAME = smiley;
			};
			name = Debug;
		};
		5502EEE12CD0DEF800C5C09F /* Release */ = {
			isa = XCBuildConfiguration;
			buildSettings = {
				CODE_SIGN_STYLE = Automatic;
				CURRENT_PROJECT_VERSION = 1;
				DEVELOPMENT_TEAM = Q4GZ52K957;
				GENERATE_INFOPLIST_FILE = YES;
				MARKETING_VERSION = 1.0;
				PRODUCT_BUNDLE_IDENTIFIER = com.waterkimchi.smileyUITests;
				PRODUCT_NAME = "$(TARGET_NAME)";
				SWIFT_EMIT_LOC_STRINGS = NO;
				SWIFT_VERSION = 5.0;
				TARGETED_DEVICE_FAMILY = "1,2";
				TEST_TARGET_NAME = smiley;
			};
			name = Release;
		};
/* End XCBuildConfiguration section */

/* Begin XCConfigurationList section */
		5502EEAE2CD0DEF600C5C09F /* Build configuration list for PBXProject "smiley" */ = {
			isa = XCConfigurationList;
			buildConfigurations = (
				5502EED72CD0DEF800C5C09F /* Debug */,
				5502EED82CD0DEF800C5C09F /* Release */,
			);
			defaultConfigurationIsVisible = 0;
			defaultConfigurationName = Release;
		};
		5502EED92CD0DEF800C5C09F /* Build configuration list for PBXNativeTarget "smiley" */ = {
			isa = XCConfigurationList;
			buildConfigurations = (
				5502EEDA2CD0DEF800C5C09F /* Debug */,
				5502EEDB2CD0DEF800C5C09F /* Release */,
			);
			defaultConfigurationIsVisible = 0;
			defaultConfigurationName = Release;
		};
		5502EEDC2CD0DEF800C5C09F /* Build configuration list for PBXNativeTarget "smileyTests" */ = {
			isa = XCConfigurationList;
			buildConfigurations = (
				5502EEDD2CD0DEF800C5C09F /* Debug */,
				5502EEDE2CD0DEF800C5C09F /* Release */,
			);
			defaultConfigurationIsVisible = 0;
			defaultConfigurationName = Release;
		};
		5502EEDF2CD0DEF800C5C09F /* Build configuration list for PBXNativeTarget "smileyUITests" */ = {
			isa = XCConfigurationList;
			buildConfigurations = (
				5502EEE02CD0DEF800C5C09F /* Debug */,
				5502EEE12CD0DEF800C5C09F /* Release */,
			);
			defaultConfigurationIsVisible = 0;
			defaultConfigurationName = Release;
		};
/* End XCConfigurationList section */
	};
	rootObject = 5502EEAB2CD0DEF600C5C09F /* Project object */;
}
