// !$*UTF8*$!
{
	archiveVersion = 1;
	classes = {
	};
	objectVersion = 77;
	objects = {

/* Begin PBXContainerItemProxy section */
		55B2B0792CC99C7F00EB411E /* PBXContainerItemProxy */ = {
			isa = PBXContainerItemProxy;
			containerPortal = 55B2B05E2CC99C7D00EB411E /* Project object */;
			proxyType = 1;
			remoteGlobalIDString = 55B2B0652CC99C7D00EB411E;
			remoteInfo = "Calorie-Tracker";
		};
		55B2B0832CC99C7F00EB411E /* PBXContainerItemProxy */ = {
			isa = PBXContainerItemProxy;
			containerPortal = 55B2B05E2CC99C7D00EB411E /* Project object */;
			proxyType = 1;
			remoteGlobalIDString = 55B2B0652CC99C7D00EB411E;
			remoteInfo = "Calorie-Tracker";
		};
/* End PBXContainerItemProxy section */

/* Begin PBXFileReference section */
		55B2B0662CC99C7D00EB411E /* Calorie-Tracker.app */ = {isa = PBXFileReference; explicitFileType = wrapper.application; includeInIndex = 0; path = "Calorie-Tracker.app"; sourceTree = BUILT_PRODUCTS_DIR; };
		55B2B0782CC99C7F00EB411E /* Calorie-TrackerTests.xctest */ = {isa = PBXFileReference; explicitFileType = wrapper.cfbundle; includeInIndex = 0; path = "Calorie-TrackerTests.xctest"; sourceTree = BUILT_PRODUCTS_DIR; };
		55B2B0822CC99C7F00EB411E /* Calorie-TrackerUITests.xctest */ = {isa = PBXFileReference; explicitFileType = wrapper.cfbundle; includeInIndex = 0; path = "Calorie-TrackerUITests.xctest"; sourceTree = BUILT_PRODUCTS_DIR; };
/* End PBXFileReference section */

/* Begin PBXFileSystemSynchronizedRootGroup section */
		55B2B07B2CC99C7F00EB411E /* Calorie-TrackerTests */ = {
			isa = PBXFileSystemSynchronizedRootGroup;
			path = "Calorie-TrackerTests";
			sourceTree = "<group>";
		};
		55B2B0852CC99C7F00EB411E /* Calorie-TrackerUITests */ = {
			isa = PBXFileSystemSynchronizedRootGroup;
			path = "Calorie-TrackerUITests";
			sourceTree = "<group>";
		};
		55B2B0AD2CC99CC200EB411E /* Calorie-Tracker */ = {
			isa = PBXFileSystemSynchronizedRootGroup;
			path = "Calorie-Tracker";
			sourceTree = "<group>";
		};
/* End PBXFileSystemSynchronizedRootGroup section */

/* Begin PBXFrameworksBuildPhase section */
		55B2B0632CC99C7D00EB411E /* Frameworks */ = {
			isa = PBXFrameworksBuildPhase;
			buildActionMask = 2147483647;
			files = (
			);
			runOnlyForDeploymentPostprocessing = 0;
		};
		55B2B0752CC99C7F00EB411E /* Frameworks */ = {
			isa = PBXFrameworksBuildPhase;
			buildActionMask = 2147483647;
			files = (
			);
			runOnlyForDeploymentPostprocessing = 0;
		};
		55B2B07F2CC99C7F00EB411E /* Frameworks */ = {
			isa = PBXFrameworksBuildPhase;
			buildActionMask = 2147483647;
			files = (
			);
			runOnlyForDeploymentPostprocessing = 0;
		};
/* End PBXFrameworksBuildPhase section */

/* Begin PBXGroup section */
		55B2B05D2CC99C7D00EB411E = {
			isa = PBXGroup;
			children = (
				55B2B0AD2CC99CC200EB411E /* Calorie-Tracker */,
				55B2B07B2CC99C7F00EB411E /* Calorie-TrackerTests */,
				55B2B0852CC99C7F00EB411E /* Calorie-TrackerUITests */,
				55B2B0672CC99C7D00EB411E /* Products */,
			);
			sourceTree = "<group>";
		};
		55B2B0672CC99C7D00EB411E /* Products */ = {
			isa = PBXGroup;
			children = (
				55B2B0662CC99C7D00EB411E /* Calorie-Tracker.app */,
				55B2B0782CC99C7F00EB411E /* Calorie-TrackerTests.xctest */,
				55B2B0822CC99C7F00EB411E /* Calorie-TrackerUITests.xctest */,
			);
			name = Products;
			sourceTree = "<group>";
		};
/* End PBXGroup section */

/* Begin PBXNativeTarget section */
		55B2B0652CC99C7D00EB411E /* Calorie-Tracker */ = {
			isa = PBXNativeTarget;
			buildConfigurationList = 55B2B08C2CC99C7F00EB411E /* Build configuration list for PBXNativeTarget "Calorie-Tracker" */;
			buildPhases = (
				55B2B0622CC99C7D00EB411E /* Sources */,
				55B2B0632CC99C7D00EB411E /* Frameworks */,
				55B2B0642CC99C7D00EB411E /* Resources */,
			);
			buildRules = (
			);
			dependencies = (
			);
			fileSystemSynchronizedGroups = (
				55B2B0AD2CC99CC200EB411E /* Calorie-Tracker */,
			);
			name = "Calorie-Tracker";
			packageProductDependencies = (
			);
			productName = "Calorie-Tracker";
			productReference = 55B2B0662CC99C7D00EB411E /* Calorie-Tracker.app */;
			productType = "com.apple.product-type.application";
		};
		55B2B0772CC99C7F00EB411E /* Calorie-TrackerTests */ = {
			isa = PBXNativeTarget;
			buildConfigurationList = 55B2B08F2CC99C7F00EB411E /* Build configuration list for PBXNativeTarget "Calorie-TrackerTests" */;
			buildPhases = (
				55B2B0742CC99C7F00EB411E /* Sources */,
				55B2B0752CC99C7F00EB411E /* Frameworks */,
				55B2B0762CC99C7F00EB411E /* Resources */,
			);
			buildRules = (
			);
			dependencies = (
				55B2B07A2CC99C7F00EB411E /* PBXTargetDependency */,
			);
			fileSystemSynchronizedGroups = (
				55B2B07B2CC99C7F00EB411E /* Calorie-TrackerTests */,
			);
			name = "Calorie-TrackerTests";
			packageProductDependencies = (
			);
			productName = "Calorie-TrackerTests";
			productReference = 55B2B0782CC99C7F00EB411E /* Calorie-TrackerTests.xctest */;
			productType = "com.apple.product-type.bundle.unit-test";
		};
		55B2B0812CC99C7F00EB411E /* Calorie-TrackerUITests */ = {
			isa = PBXNativeTarget;
			buildConfigurationList = 55B2B0922CC99C7F00EB411E /* Build configuration list for PBXNativeTarget "Calorie-TrackerUITests" */;
			buildPhases = (
				55B2B07E2CC99C7F00EB411E /* Sources */,
				55B2B07F2CC99C7F00EB411E /* Frameworks */,
				55B2B0802CC99C7F00EB411E /* Resources */,
			);
			buildRules = (
			);
			dependencies = (
				55B2B0842CC99C7F00EB411E /* PBXTargetDependency */,
			);
			fileSystemSynchronizedGroups = (
				55B2B0852CC99C7F00EB411E /* Calorie-TrackerUITests */,
			);
			name = "Calorie-TrackerUITests";
			packageProductDependencies = (
			);
			productName = "Calorie-TrackerUITests";
			productReference = 55B2B0822CC99C7F00EB411E /* Calorie-TrackerUITests.xctest */;
			productType = "com.apple.product-type.bundle.ui-testing";
		};
/* End PBXNativeTarget section */

/* Begin PBXProject section */
		55B2B05E2CC99C7D00EB411E /* Project object */ = {
			isa = PBXProject;
			attributes = {
				BuildIndependentTargetsInParallel = 1;
				LastSwiftUpdateCheck = 1600;
				LastUpgradeCheck = 1600;
				TargetAttributes = {
					55B2B0652CC99C7D00EB411E = {
						CreatedOnToolsVersion = 16.0;
					};
					55B2B0772CC99C7F00EB411E = {
						CreatedOnToolsVersion = 16.0;
						TestTargetID = 55B2B0652CC99C7D00EB411E;
					};
					55B2B0812CC99C7F00EB411E = {
						CreatedOnToolsVersion = 16.0;
						TestTargetID = 55B2B0652CC99C7D00EB411E;
					};
				};
			};
			buildConfigurationList = 55B2B0612CC99C7D00EB411E /* Build configuration list for PBXProject "Calorie-Tracker" */;
			developmentRegion = en;
			hasScannedForEncodings = 0;
			knownRegions = (
				en,
				Base,
			);
			mainGroup = 55B2B05D2CC99C7D00EB411E;
			minimizedProjectReferenceProxies = 1;
			preferredProjectObjectVersion = 77;
			productRefGroup = 55B2B0672CC99C7D00EB411E /* Products */;
			projectDirPath = "";
			projectRoot = "";
			targets = (
				55B2B0652CC99C7D00EB411E /* Calorie-Tracker */,
				55B2B0772CC99C7F00EB411E /* Calorie-TrackerTests */,
				55B2B0812CC99C7F00EB411E /* Calorie-TrackerUITests */,
			);
		};
/* End PBXProject section */

/* Begin PBXResourcesBuildPhase section */
		55B2B0642CC99C7D00EB411E /* Resources */ = {
			isa = PBXResourcesBuildPhase;
			buildActionMask = 2147483647;
			files = (
			);
			runOnlyForDeploymentPostprocessing = 0;
		};
		55B2B0762CC99C7F00EB411E /* Resources */ = {
			isa = PBXResourcesBuildPhase;
			buildActionMask = 2147483647;
			files = (
			);
			runOnlyForDeploymentPostprocessing = 0;
		};
		55B2B0802CC99C7F00EB411E /* Resources */ = {
			isa = PBXResourcesBuildPhase;
			buildActionMask = 2147483647;
			files = (
			);
			runOnlyForDeploymentPostprocessing = 0;
		};
/* End PBXResourcesBuildPhase section */

/* Begin PBXSourcesBuildPhase section */
		55B2B0622CC99C7D00EB411E /* Sources */ = {
			isa = PBXSourcesBuildPhase;
			buildActionMask = 2147483647;
			files = (
			);
			runOnlyForDeploymentPostprocessing = 0;
		};
		55B2B0742CC99C7F00EB411E /* Sources */ = {
			isa = PBXSourcesBuildPhase;
			buildActionMask = 2147483647;
			files = (
			);
			runOnlyForDeploymentPostprocessing = 0;
		};
		55B2B07E2CC99C7F00EB411E /* Sources */ = {
			isa = PBXSourcesBuildPhase;
			buildActionMask = 2147483647;
			files = (
			);
			runOnlyForDeploymentPostprocessing = 0;
		};
/* End PBXSourcesBuildPhase section */

/* Begin PBXTargetDependency section */
		55B2B07A2CC99C7F00EB411E /* PBXTargetDependency */ = {
			isa = PBXTargetDependency;
			target = 55B2B0652CC99C7D00EB411E /* Calorie-Tracker */;
			targetProxy = 55B2B0792CC99C7F00EB411E /* PBXContainerItemProxy */;
		};
		55B2B0842CC99C7F00EB411E /* PBXTargetDependency */ = {
			isa = PBXTargetDependency;
			target = 55B2B0652CC99C7D00EB411E /* Calorie-Tracker */;
			targetProxy = 55B2B0832CC99C7F00EB411E /* PBXContainerItemProxy */;
		};
/* End PBXTargetDependency section */

/* Begin XCBuildConfiguration section */
		55B2B08A2CC99C7F00EB411E /* Debug */ = {
			isa = XCBuildConfiguration;
			buildSettings = {
				ALWAYS_SEARCH_USER_PATHS = NO;
				ASSETCATALOG_COMPILER_GENERATE_SWIFT_ASSET_SYMBOL_EXTENSIONS = YES;
				CLANG_ANALYZER_NONNULL = YES;
				CLANG_ANALYZER_NUMBER_OBJECT_CONVERSION = YES_AGGRESSIVE;
				CLANG_CXX_LANGUAGE_STANDARD = "gnu++20";
				CLANG_ENABLE_MODULES = YES;
				CLANG_ENABLE_OBJC_ARC = YES;
				CLANG_ENABLE_OBJC_WEAK = YES;
				CLANG_WARN_BLOCK_CAPTURE_AUTORELEASING = YES;
				CLANG_WARN_BOOL_CONVERSION = YES;
				CLANG_WARN_COMMA = YES;
				CLANG_WARN_CONSTANT_CONVERSION = YES;
				CLANG_WARN_DEPRECATED_OBJC_IMPLEMENTATIONS = YES;
				CLANG_WARN_DIRECT_OBJC_ISA_USAGE = YES_ERROR;
				CLANG_WARN_DOCUMENTATION_COMMENTS = YES;
				CLANG_WARN_EMPTY_BODY = YES;
				CLANG_WARN_ENUM_CONVERSION = YES;
				CLANG_WARN_INFINITE_RECURSION = YES;
				CLANG_WARN_INT_CONVERSION = YES;
				CLANG_WARN_NON_LITERAL_NULL_CONVERSION = YES;
				CLANG_WARN_OBJC_IMPLICIT_RETAIN_SELF = YES;
				CLANG_WARN_OBJC_LITERAL_CONVERSION = YES;
				CLANG_WARN_OBJC_ROOT_CLASS = YES_ERROR;
				CLANG_WARN_QUOTED_INCLUDE_IN_FRAMEWORK_HEADER = YES;
				CLANG_WARN_RANGE_LOOP_ANALYSIS = YES;
				CLANG_WARN_STRICT_PROTOTYPES = YES;
				CLANG_WARN_SUSPICIOUS_MOVE = YES;
				CLANG_WARN_UNGUARDED_AVAILABILITY = YES_AGGRESSIVE;
				CLANG_WARN_UNREACHABLE_CODE = YES;
				CLANG_WARN__DUPLICATE_METHOD_MATCH = YES;
				COPY_PHASE_STRIP = NO;
				DEBUG_INFORMATION_FORMAT = dwarf;
				ENABLE_STRICT_OBJC_MSGSEND = YES;
				ENABLE_TESTABILITY = YES;
				ENABLE_USER_SCRIPT_SANDBOXING = YES;
				GCC_C_LANGUAGE_STANDARD = gnu17;
				GCC_DYNAMIC_NO_PIC = NO;
				GCC_NO_COMMON_BLOCKS = YES;
				GCC_OPTIMIZATION_LEVEL = 0;
				GCC_PREPROCESSOR_DEFINITIONS = (
					"DEBUG=1",
					"$(inherited)",
				);
				GCC_WARN_64_TO_32_BIT_CONVERSION = YES;
				GCC_WARN_ABOUT_RETURN_TYPE = YES_ERROR;
				GCC_WARN_UNDECLARED_SELECTOR = YES;
				GCC_WARN_UNINITIALIZED_AUTOS = YES_AGGRESSIVE;
				GCC_WARN_UNUSED_FUNCTION = YES;
				GCC_WARN_UNUSED_VARIABLE = YES;
				IPHONEOS_DEPLOYMENT_TARGET = 18.0;
				LOCALIZATION_PREFERS_STRING_CATALOGS = YES;
				MTL_ENABLE_DEBUG_INFO = INCLUDE_SOURCE;
				MTL_FAST_MATH = YES;
				ONLY_ACTIVE_ARCH = YES;
				SDKROOT = iphoneos;
				SWIFT_ACTIVE_COMPILATION_CONDITIONS = "DEBUG $(inherited)";
				SWIFT_OPTIMIZATION_LEVEL = "-Onone";
			};
			name = Debug;
		};
		55B2B08B2CC99C7F00EB411E /* Release */ = {
			isa = XCBuildConfiguration;
			buildSettings = {
				ALWAYS_SEARCH_USER_PATHS = NO;
				ASSETCATALOG_COMPILER_GENERATE_SWIFT_ASSET_SYMBOL_EXTENSIONS = YES;
				CLANG_ANALYZER_NONNULL = YES;
				CLANG_ANALYZER_NUMBER_OBJECT_CONVERSION = YES_AGGRESSIVE;
				CLANG_CXX_LANGUAGE_STANDARD = "gnu++20";
				CLANG_ENABLE_MODULES = YES;
				CLANG_ENABLE_OBJC_ARC = YES;
				CLANG_ENABLE_OBJC_WEAK = YES;
				CLANG_WARN_BLOCK_CAPTURE_AUTORELEASING = YES;
				CLANG_WARN_BOOL_CONVERSION = YES;
				CLANG_WARN_COMMA = YES;
				CLANG_WARN_CONSTANT_CONVERSION = YES;
				CLANG_WARN_DEPRECATED_OBJC_IMPLEMENTATIONS = YES;
				CLANG_WARN_DIRECT_OBJC_ISA_USAGE = YES_ERROR;
				CLANG_WARN_DOCUMENTATION_COMMENTS = YES;
				CLANG_WARN_EMPTY_BODY = YES;
				CLANG_WARN_ENUM_CONVERSION = YES;
				CLANG_WARN_INFINITE_RECURSION = YES;
				CLANG_WARN_INT_CONVERSION = YES;
				CLANG_WARN_NON_LITERAL_NULL_CONVERSION = YES;
				CLANG_WARN_OBJC_IMPLICIT_RETAIN_SELF = YES;
				CLANG_WARN_OBJC_LITERAL_CONVERSION = YES;
				CLANG_WARN_OBJC_ROOT_CLASS = YES_ERROR;
				CLANG_WARN_QUOTED_INCLUDE_IN_FRAMEWORK_HEADER = YES;
				CLANG_WARN_RANGE_LOOP_ANALYSIS = YES;
				CLANG_WARN_STRICT_PROTOTYPES = YES;
				CLANG_WARN_SUSPICIOUS_MOVE = YES;
				CLANG_WARN_UNGUARDED_AVAILABILITY = YES_AGGRESSIVE;
				CLANG_WARN_UNREACHABLE_CODE = YES;
				CLANG_WARN__DUPLICATE_METHOD_MATCH = YES;
				COPY_PHASE_STRIP = NO;
				DEBUG_INFORMATION_FORMAT = "dwarf-with-dsym";
				ENABLE_NS_ASSERTIONS = NO;
				ENABLE_STRICT_OBJC_MSGSEND = YES;
				ENABLE_USER_SCRIPT_SANDBOXING = YES;
				GCC_C_LANGUAGE_STANDARD = gnu17;
				GCC_NO_COMMON_BLOCKS = YES;
				GCC_WARN_64_TO_32_BIT_CONVERSION = YES;
				GCC_WARN_ABOUT_RETURN_TYPE = YES_ERROR;
				GCC_WARN_UNDECLARED_SELECTOR = YES;
				GCC_WARN_UNINITIALIZED_AUTOS = YES_AGGRESSIVE;
				GCC_WARN_UNUSED_FUNCTION = YES;
				GCC_WARN_UNUSED_VARIABLE = YES;
				IPHONEOS_DEPLOYMENT_TARGET = 18.0;
				LOCALIZATION_PREFERS_STRING_CATALOGS = YES;
				MTL_ENABLE_DEBUG_INFO = NO;
				MTL_FAST_MATH = YES;
				SDKROOT = iphoneos;
				SWIFT_COMPILATION_MODE = wholemodule;
				VALIDATE_PRODUCT = YES;
			};
			name = Release;
		};
		55B2B08D2CC99C7F00EB411E /* Debug */ = {
			isa = XCBuildConfiguration;
			buildSettings = {
				ASSETCATALOG_COMPILER_APPICON_NAME = AppIcon;
				ASSETCATALOG_COMPILER_GLOBAL_ACCENT_COLOR_NAME = AccentColor;
				CODE_SIGN_STYLE = Automatic;
				CURRENT_PROJECT_VERSION = 1;
				DEVELOPMENT_ASSET_PATHS = "\"Calorie-Tracker/Preview Content\"";
				DEVELOPMENT_TEAM = Q4GZ52K957;
				ENABLE_PREVIEWS = YES;
				GENERATE_INFOPLIST_FILE = YES;
				INFOPLIST_KEY_UIApplicationSceneManifest_Generation = YES;
				INFOPLIST_KEY_UIApplicationSupportsIndirectInputEvents = YES;
				INFOPLIST_KEY_UILaunchScreen_Generation = YES;
				INFOPLIST_KEY_UISupportedInterfaceOrientations_iPad = "UIInterfaceOrientationPortrait UIInterfaceOrientationPortraitUpsideDown UIInterfaceOrientationLandscapeLeft UIInterfaceOrientationLandscapeRight";
				INFOPLIST_KEY_UISupportedInterfaceOrientations_iPhone = "UIInterfaceOrientationPortrait UIInterfaceOrientationLandscapeLeft UIInterfaceOrientationLandscapeRight";
				LD_RUNPATH_SEARCH_PATHS = (
					"$(inherited)",
					"@executable_path/Frameworks",
				);
				MARKETING_VERSION = 1.0;
				PRODUCT_BUNDLE_IDENTIFIER = "com.waterkimchi.Calorie-Tracker";
				PRODUCT_NAME = "$(TARGET_NAME)";
				SWIFT_EMIT_LOC_STRINGS = YES;
				SWIFT_VERSION = 5.0;
				TARGETED_DEVICE_FAMILY = "1,2";
			};
			name = Debug;
		};
		55B2B08E2CC99C7F00EB411E /* Release */ = {
			isa = XCBuildConfiguration;
			buildSettings = {
				ASSETCATALOG_COMPILER_APPICON_NAME = AppIcon;
				ASSETCATALOG_COMPILER_GLOBAL_ACCENT_COLOR_NAME = AccentColor;
				CODE_SIGN_STYLE = Automatic;
				CURRENT_PROJECT_VERSION = 1;
				DEVELOPMENT_ASSET_PATHS = "\"Calorie-Tracker/Preview Content\"";
				DEVELOPMENT_TEAM = Q4GZ52K957;
				ENABLE_PREVIEWS = YES;
				GENERATE_INFOPLIST_FILE = YES;
				INFOPLIST_KEY_UIApplicationSceneManifest_Generation = YES;
				INFOPLIST_KEY_UIApplicationSupportsIndirectInputEvents = YES;
				INFOPLIST_KEY_UILaunchScreen_Generation = YES;
				INFOPLIST_KEY_UISupportedInterfaceOrientations_iPad = "UIInterfaceOrientationPortrait UIInterfaceOrientationPortraitUpsideDown UIInterfaceOrientationLandscapeLeft UIInterfaceOrientationLandscapeRight";
				INFOPLIST_KEY_UISupportedInterfaceOrientations_iPhone = "UIInterfaceOrientationPortrait UIInterfaceOrientationLandscapeLeft UIInterfaceOrientationLandscapeRight";
				LD_RUNPATH_SEARCH_PATHS = (
					"$(inherited)",
					"@executable_path/Frameworks",
				);
				MARKETING_VERSION = 1.0;
				PRODUCT_BUNDLE_IDENTIFIER = "com.waterkimchi.Calorie-Tracker";
				PRODUCT_NAME = "$(TARGET_NAME)";
				SWIFT_EMIT_LOC_STRINGS = YES;
				SWIFT_VERSION = 5.0;
				TARGETED_DEVICE_FAMILY = "1,2";
			};
			name = Release;
		};
		55B2B0902CC99C7F00EB411E /* Debug */ = {
			isa = XCBuildConfiguration;
			buildSettings = {
				BUNDLE_LOADER = "$(TEST_HOST)";
				CODE_SIGN_STYLE = Automatic;
				CURRENT_PROJECT_VERSION = 1;
				DEVELOPMENT_TEAM = Q4GZ52K957;
				GENERATE_INFOPLIST_FILE = YES;
				IPHONEOS_DEPLOYMENT_TARGET = 18.0;
				MARKETING_VERSION = 1.0;
				PRODUCT_BUNDLE_IDENTIFIER = "com.waterkimchi.Calorie-TrackerTests";
				PRODUCT_NAME = "$(TARGET_NAME)";
				SWIFT_EMIT_LOC_STRINGS = NO;
				SWIFT_VERSION = 5.0;
				TARGETED_DEVICE_FAMILY = "1,2";
				TEST_HOST = "$(BUILT_PRODUCTS_DIR)/Calorie-Tracker.app/$(BUNDLE_EXECUTABLE_FOLDER_PATH)/Calorie-Tracker";
			};
			name = Debug;
		};
		55B2B0912CC99C7F00EB411E /* Release */ = {
			isa = XCBuildConfiguration;
			buildSettings = {
				BUNDLE_LOADER = "$(TEST_HOST)";
				CODE_SIGN_STYLE = Automatic;
				CURRENT_PROJECT_VERSION = 1;
				DEVELOPMENT_TEAM = Q4GZ52K957;
				GENERATE_INFOPLIST_FILE = YES;
				IPHONEOS_DEPLOYMENT_TARGET = 18.0;
				MARKETING_VERSION = 1.0;
				PRODUCT_BUNDLE_IDENTIFIER = "com.waterkimchi.Calorie-TrackerTests";
				PRODUCT_NAME = "$(TARGET_NAME)";
				SWIFT_EMIT_LOC_STRINGS = NO;
				SWIFT_VERSION = 5.0;
				TARGETED_DEVICE_FAMILY = "1,2";
				TEST_HOST = "$(BUILT_PRODUCTS_DIR)/Calorie-Tracker.app/$(BUNDLE_EXECUTABLE_FOLDER_PATH)/Calorie-Tracker";
			};
			name = Release;
		};
		55B2B0932CC99C7F00EB411E /* Debug */ = {
			isa = XCBuildConfiguration;
			buildSettings = {
				CODE_SIGN_STYLE = Automatic;
				CURRENT_PROJECT_VERSION = 1;
				DEVELOPMENT_TEAM = Q4GZ52K957;
				GENERATE_INFOPLIST_FILE = YES;
				MARKETING_VERSION = 1.0;
				PRODUCT_BUNDLE_IDENTIFIER = "com.waterkimchi.Calorie-TrackerUITests";
				PRODUCT_NAME = "$(TARGET_NAME)";
				SWIFT_EMIT_LOC_STRINGS = NO;
				SWIFT_VERSION = 5.0;
				TARGETED_DEVICE_FAMILY = "1,2";
				TEST_TARGET_NAME = "Calorie-Tracker";
			};
			name = Debug;
		};
		55B2B0942CC99C7F00EB411E /* Release */ = {
			isa = XCBuildConfiguration;
			buildSettings = {
				CODE_SIGN_STYLE = Automatic;
				CURRENT_PROJECT_VERSION = 1;
				DEVELOPMENT_TEAM = Q4GZ52K957;
				GENERATE_INFOPLIST_FILE = YES;
				MARKETING_VERSION = 1.0;
				PRODUCT_BUNDLE_IDENTIFIER = "com.waterkimchi.Calorie-TrackerUITests";
				PRODUCT_NAME = "$(TARGET_NAME)";
				SWIFT_EMIT_LOC_STRINGS = NO;
				SWIFT_VERSION = 5.0;
				TARGETED_DEVICE_FAMILY = "1,2";
				TEST_TARGET_NAME = "Calorie-Tracker";
			};
			name = Release;
		};
/* End XCBuildConfiguration section */

/* Begin XCConfigurationList section */
		55B2B0612CC99C7D00EB411E /* Build configuration list for PBXProject "Calorie-Tracker" */ = {
			isa = XCConfigurationList;
			buildConfigurations = (
				55B2B08A2CC99C7F00EB411E /* Debug */,
				55B2B08B2CC99C7F00EB411E /* Release */,
			);
			defaultConfigurationIsVisible = 0;
			defaultConfigurationName = Release;
		};
		55B2B08C2CC99C7F00EB411E /* Build configuration list for PBXNativeTarget "Calorie-Tracker" */ = {
			isa = XCConfigurationList;
			buildConfigurations = (
				55B2B08D2CC99C7F00EB411E /* Debug */,
				55B2B08E2CC99C7F00EB411E /* Release */,
			);
			defaultConfigurationIsVisible = 0;
			defaultConfigurationName = Release;
		};
		55B2B08F2CC99C7F00EB411E /* Build configuration list for PBXNativeTarget "Calorie-TrackerTests" */ = {
			isa = XCConfigurationList;
			buildConfigurations = (
				55B2B0902CC99C7F00EB411E /* Debug */,
				55B2B0912CC99C7F00EB411E /* Release */,
			);
			defaultConfigurationIsVisible = 0;
			defaultConfigurationName = Release;
		};
		55B2B0922CC99C7F00EB411E /* Build configuration list for PBXNativeTarget "Calorie-TrackerUITests" */ = {
			isa = XCConfigurationList;
			buildConfigurations = (
				55B2B0932CC99C7F00EB411E /* Debug */,
				55B2B0942CC99C7F00EB411E /* Release */,
			);
			defaultConfigurationIsVisible = 0;
			defaultConfigurationName = Release;
		};
/* End XCConfigurationList section */
	};
	rootObject = 55B2B05E2CC99C7D00EB411E /* Project object */;
}
